Microsoft Visual Studio Solution File, Format Version 12.00
# Visual Studio Version 17
VisualStudioVersion = 17.5.2.0
MinimumVisualStudioVersion = 10.0.40219.1
Project("{FAE04EC0-301F-11D3-BF4B-00C04F79EFBC}") = "dotnet-service", "dotnet-service\dotnet-service.csproj", "{035980E7-3E40-B54B-398A-F757064066A1}"
EndProject
Global
	GlobalSection(SolutionConfigurationPlatforms) = preSolution
		Debug|Any CPU = Debug|Any CPU
		Release|Any CPU = Release|Any CPU
	EndGlobalSection
	GlobalSection(ProjectConfigurationPlatforms) = postSolution
		{035980E7-3E40-B54B-398A-F757064066A1}.Debug|Any CPU.ActiveCfg = Debug|Any CPU
		{035980E7-3E40-B54B-398A-F757064066A1}.Debug|Any CPU.Build.0 = Debug|Any CPU
		{035980E7-3E40-B54B-398A-F757064066A1}.Release|Any CPU.ActiveCfg = Release|Any CPU
		{035980E7-3E40-B54B-398A-F757064066A1}.Release|Any CPU.Build.0 = Release|Any CPU
	EndGlobalSection
	GlobalSection(SolutionProperties) = preSolution
		HideSolutionNode = FALSE
	EndGlobalSection
	GlobalSection(ExtensibilityGlobals) = postSolution
		SolutionGuid = {CF04CA1D-F34D-4BA8-948C-47ADB6255E45}
	EndGlobalSection
EndGlobal
